
Microsoft Visual Studio Solution File, Format Version 12.00
# Visual Studio 2012
Project("{8BC9CEB8-8B4A-11D0-8D11-00A0C91BC942}") = "task1", "task1\task1.vcxproj", "{DB035984-E79B-4DBC-9CDD-5EAAB5BFCFD3}"
EndProject
Global
	GlobalSection(SolutionConfigurationPlatforms) = preSolution
		Debug|Win32 = Debug|Win32
		Release|Win32 = Release|Win32
	EndGlobalSection
	GlobalSection(ProjectConfigurationPlatforms) = postSolution
		{DB035984-E79B-4DBC-9CDD-5EAAB5BFCFD3}.Debug|Win32.ActiveCfg = Debug|Win32
		{DB035984-E79B-4DBC-9CDD-5EAAB5BFCFD3}.Debug|Win32.Build.0 = Debug|Win32
		{DB035984-E79B-4DBC-9CDD-5EAAB5BFCFD3}.Release|Win32.ActiveCfg = Release|Win32
		{DB035984-E79B-4DBC-9CDD-5EAAB5BFCFD3}.Release|Win32.Build.0 = Release|Win32
	EndGlobalSection
	GlobalSection(SolutionProperties) = preSolution
		HideSolutionNode = FALSE
	EndGlobalSection
EndGlobal
